
Microsoft Visual Studio Solution File, Format Version 12.00
# Visual Studio 2013
VisualStudioVersion = 12.0.31101.0
MinimumVisualStudioVersion = 10.0.40219.1
Project("{FAE04EC0-301F-11D3-BF4B-00C04F79EFBC}") = "Smaprat.Website", "Source\Smaprat.Website\Smaprat.Website.csproj", "{0E057529-4DEA-4FD4-B922-CFB7A95DB56B}"
EndProject
Project("{FAE04EC0-301F-11D3-BF4B-00C04F79EFBC}") = "Smaprat.Data", "Source\Smaprat.Data\Smaprat.Data.csproj", "{D814CB42-B58A-4165-A039-9089E4CB43B5}"
EndProject
Project("{FAE04EC0-301F-11D3-BF4B-00C04F79EFBC}") = "Smaprat.Core", "Source\Smaprat.Core\Smaprat.Core.csproj", "{613874B1-5E5F-4BAA-A7DB-DCC5AC8FBB2F}"
EndProject
Project("{2150E333-8FDC-42A3-9474-1A3956D46DE8}") = "Files", "Files", "{D73D0FE8-1016-40C0-9256-1ABCDC3E9D74}"
	ProjectSection(SolutionItems) = preProject
		CommonAssemblyInfo.cs = CommonAssemblyInfo.cs
	EndProjectSection
EndProject
Project("{FAE04EC0-301F-11D3-BF4B-00C04F79EFBC}") = "Smaprat.Core.Tests", "Tests\Smaprat.Core.Tests\Smaprat.Core.Tests.csproj", "{F617007B-2B75-451E-8E15-D0F52C15D06A}"
EndProject
Project("{2150E333-8FDC-42A3-9474-1A3956D46DE8}") = "Tests", "Tests", "{9E750B9E-4B7B-45ED-AE64-3690CC28F961}"
EndProject
Global
	GlobalSection(SolutionConfigurationPlatforms) = preSolution
		Debug|Any CPU = Debug|Any CPU
		Release|Any CPU = Release|Any CPU
	EndGlobalSection
	GlobalSection(ProjectConfigurationPlatforms) = postSolution
		{0E057529-4DEA-4FD4-B922-CFB7A95DB56B}.Debug|Any CPU.ActiveCfg = Debug|Any CPU
		{0E057529-4DEA-4FD4-B922-CFB7A95DB56B}.Debug|Any CPU.Build.0 = Debug|Any CPU
		{0E057529-4DEA-4FD4-B922-CFB7A95DB56B}.Release|Any CPU.ActiveCfg = Release|Any CPU
		{0E057529-4DEA-4FD4-B922-CFB7A95DB56B}.Release|Any CPU.Build.0 = Release|Any CPU
		{D814CB42-B58A-4165-A039-9089E4CB43B5}.Debug|Any CPU.ActiveCfg = Debug|Any CPU
		{D814CB42-B58A-4165-A039-9089E4CB43B5}.Debug|Any CPU.Build.0 = Debug|Any CPU
		{D814CB42-B58A-4165-A039-9089E4CB43B5}.Release|Any CPU.ActiveCfg = Release|Any CPU
		{D814CB42-B58A-4165-A039-9089E4CB43B5}.Release|Any CPU.Build.0 = Release|Any CPU
		{613874B1-5E5F-4BAA-A7DB-DCC5AC8FBB2F}.Debug|Any CPU.ActiveCfg = Debug|Any CPU
		{613874B1-5E5F-4BAA-A7DB-DCC5AC8FBB2F}.Debug|Any CPU.Build.0 = Debug|Any CPU
		{613874B1-5E5F-4BAA-A7DB-DCC5AC8FBB2F}.Release|Any CPU.ActiveCfg = Release|Any CPU
		{613874B1-5E5F-4BAA-A7DB-DCC5AC8FBB2F}.Release|Any CPU.Build.0 = Release|Any CPU
		{F617007B-2B75-451E-8E15-D0F52C15D06A}.Debug|Any CPU.ActiveCfg = Debug|Any CPU
		{F617007B-2B75-451E-8E15-D0F52C15D06A}.Debug|Any CPU.Build.0 = Debug|Any CPU
		{F617007B-2B75-451E-8E15-D0F52C15D06A}.Release|Any CPU.ActiveCfg = Release|Any CPU
		{F617007B-2B75-451E-8E15-D0F52C15D06A}.Release|Any CPU.Build.0 = Release|Any CPU
	EndGlobalSection
	GlobalSection(SolutionProperties) = preSolution
		HideSolutionNode = FALSE
	EndGlobalSection
	GlobalSection(NestedProjects) = preSolution
		{F617007B-2B75-451E-8E15-D0F52C15D06A} = {9E750B9E-4B7B-45ED-AE64-3690CC28F961}
	EndGlobalSection
EndGlobal
